
Microsoft Visual Studio Solution File, Format Version 12.00
# Visual Studio Version 17
VisualStudioVersion = 17.0.31903.59
MinimumVisualStudioVersion = 10.0.40219.1
Project("{FAE04EC0-301F-11D3-BF4B-00C04F79EFBC}") = "Implementation", "Implementation\Implementation.csproj", "{26335301-769F-4CED-B92D-CA7C0C384704}"
EndProject
Project("{FAE04EC0-301F-11D3-BF4B-00C04F79EFBC}") = "Tests", "Tests\Tests.csproj", "{F4237945-1BF3-4FED-B652-DD41FCA057C8}"
EndProject
Global
	GlobalSection(SolutionConfigurationPlatforms) = preSolution
		Debug|Any CPU = Debug|Any CPU
		Release|Any CPU = Release|Any CPU
	EndGlobalSection
	GlobalSection(SolutionProperties) = preSolution
		HideSolutionNode = FALSE
	EndGlobalSection
	GlobalSection(ProjectConfigurationPlatforms) = postSolution
		{26335301-769F-4CED-B92D-CA7C0C384704}.Debug|Any CPU.ActiveCfg = Debug|Any CPU
		{26335301-769F-4CED-B92D-CA7C0C384704}.Debug|Any CPU.Build.0 = Debug|Any CPU
		{26335301-769F-4CED-B92D-CA7C0C384704}.Release|Any CPU.ActiveCfg = Release|Any CPU
		{26335301-769F-4CED-B92D-CA7C0C384704}.Release|Any CPU.Build.0 = Release|Any CPU
		{F4237945-1BF3-4FED-B652-DD41FCA057C8}.Debug|Any CPU.ActiveCfg = Debug|Any CPU
		{F4237945-1BF3-4FED-B652-DD41FCA057C8}.Debug|Any CPU.Build.0 = Debug|Any CPU
		{F4237945-1BF3-4FED-B652-DD41FCA057C8}.Release|Any CPU.ActiveCfg = Release|Any CPU
		{F4237945-1BF3-4FED-B652-DD41FCA057C8}.Release|Any CPU.Build.0 = Release|Any CPU
	EndGlobalSection
EndGlobal
