
Microsoft Visual Studio Solution File, Format Version 12.00
# Visual Studio Version 17
VisualStudioVersion = 17.0.31903.59
MinimumVisualStudioVersion = 10.0.40219.1
Project("{FAE04EC0-301F-11D3-BF4B-00C04F79EFBC}") = "Implementation", "Implementation\Implementation.csproj", "{BFCEB8A7-60A1-4AC9-BE41-C6CD5353ECD4}"
EndProject
Project("{FAE04EC0-301F-11D3-BF4B-00C04F79EFBC}") = "Tests", "Tests\Tests.csproj", "{0982C5A5-FD74-4CB2-B772-38EC0A1B698B}"
EndProject
Global
	GlobalSection(SolutionConfigurationPlatforms) = preSolution
		Debug|Any CPU = Debug|Any CPU
		Release|Any CPU = Release|Any CPU
	EndGlobalSection
	GlobalSection(SolutionProperties) = preSolution
		HideSolutionNode = FALSE
	EndGlobalSection
	GlobalSection(ProjectConfigurationPlatforms) = postSolution
		{BFCEB8A7-60A1-4AC9-BE41-C6CD5353ECD4}.Debug|Any CPU.ActiveCfg = Debug|Any CPU
		{BFCEB8A7-60A1-4AC9-BE41-C6CD5353ECD4}.Debug|Any CPU.Build.0 = Debug|Any CPU
		{BFCEB8A7-60A1-4AC9-BE41-C6CD5353ECD4}.Release|Any CPU.ActiveCfg = Release|Any CPU
		{BFCEB8A7-60A1-4AC9-BE41-C6CD5353ECD4}.Release|Any CPU.Build.0 = Release|Any CPU
		{0982C5A5-FD74-4CB2-B772-38EC0A1B698B}.Debug|Any CPU.ActiveCfg = Debug|Any CPU
		{0982C5A5-FD74-4CB2-B772-38EC0A1B698B}.Debug|Any CPU.Build.0 = Debug|Any CPU
		{0982C5A5-FD74-4CB2-B772-38EC0A1B698B}.Release|Any CPU.ActiveCfg = Release|Any CPU
		{0982C5A5-FD74-4CB2-B772-38EC0A1B698B}.Release|Any CPU.Build.0 = Release|Any CPU
	EndGlobalSection
EndGlobal
