
Microsoft Visual Studio Solution File, Format Version 12.00
# Visual Studio Version 17
VisualStudioVersion = 17.0.31903.59
MinimumVisualStudioVersion = 10.0.40219.1
Project("{FAE04EC0-301F-11D3-BF4B-00C04F79EFBC}") = "Implementation", "Implementation\Implementation.csproj", "{94C2D931-9DD3-4B72-B3E9-78CD6F175699}"
EndProject
Project("{FAE04EC0-301F-11D3-BF4B-00C04F79EFBC}") = "Tests", "Tests\Tests.csproj", "{EB75FC3D-FFC2-450A-9954-28B620626AA9}"
EndProject
Global
	GlobalSection(SolutionConfigurationPlatforms) = preSolution
		Debug|Any CPU = Debug|Any CPU
		Release|Any CPU = Release|Any CPU
	EndGlobalSection
	GlobalSection(SolutionProperties) = preSolution
		HideSolutionNode = FALSE
	EndGlobalSection
	GlobalSection(ProjectConfigurationPlatforms) = postSolution
		{94C2D931-9DD3-4B72-B3E9-78CD6F175699}.Debug|Any CPU.ActiveCfg = Debug|Any CPU
		{94C2D931-9DD3-4B72-B3E9-78CD6F175699}.Debug|Any CPU.Build.0 = Debug|Any CPU
		{94C2D931-9DD3-4B72-B3E9-78CD6F175699}.Release|Any CPU.ActiveCfg = Release|Any CPU
		{94C2D931-9DD3-4B72-B3E9-78CD6F175699}.Release|Any CPU.Build.0 = Release|Any CPU
		{EB75FC3D-FFC2-450A-9954-28B620626AA9}.Debug|Any CPU.ActiveCfg = Debug|Any CPU
		{EB75FC3D-FFC2-450A-9954-28B620626AA9}.Debug|Any CPU.Build.0 = Debug|Any CPU
		{EB75FC3D-FFC2-450A-9954-28B620626AA9}.Release|Any CPU.ActiveCfg = Release|Any CPU
		{EB75FC3D-FFC2-450A-9954-28B620626AA9}.Release|Any CPU.Build.0 = Release|Any CPU
	EndGlobalSection
EndGlobal
